// !$*UTF8*$!
{
	archiveVersion = 1;
	classes = {
	};
	objectVersion = 50;
	objects = {

/* Begin PBXBuildFile section */
		3E6ED52A5C9F62D1D8679378 /* Pods_SwensonhePriceConverter.framework in Frameworks */ = {isa = PBXBuildFile; fileRef = 0289955D6B0E06EA2CA26E92 /* Pods_SwensonhePriceConverter.framework */; };
		841DB5262522C3E1007DC221 /* AppDelegate.swift in Sources */ = {isa = PBXBuildFile; fileRef = 841DB5252522C3E1007DC221 /* AppDelegate.swift */; };
		841DB52A2522C3E1007DC221 /* ViewController.swift in Sources */ = {isa = PBXBuildFile; fileRef = 841DB5292522C3E1007DC221 /* ViewController.swift */; };
		841DB52D2522C3E1007DC221 /* Main.storyboard in Resources */ = {isa = PBXBuildFile; fileRef = 841DB52B2522C3E1007DC221 /* Main.storyboard */; };
		841DB52F2522C3E4007DC221 /* Assets.xcassets in Resources */ = {isa = PBXBuildFile; fileRef = 841DB52E2522C3E4007DC221 /* Assets.xcassets */; };
		841DB5322522C3E4007DC221 /* LaunchScreen.storyboard in Resources */ = {isa = PBXBuildFile; fileRef = 841DB5302522C3E4007DC221 /* LaunchScreen.storyboard */; };
/* End PBXBuildFile section */

/* Begin PBXFileReference section */
		0289955D6B0E06EA2CA26E92 /* Pods_SwensonhePriceConverter.framework */ = {isa = PBXFileReference; explicitFileType = wrapper.framework; includeInIndex = 0; path = Pods_SwensonhePriceConverter.framework; sourceTree = BUILT_PRODUCTS_DIR; };
		25E8C97848F4535766E4B8AF /* Pods-SwensonhePriceConverter.debug.xcconfig */ = {isa = PBXFileReference; includeInIndex = 1; lastKnownFileType = text.xcconfig; name = "Pods-SwensonhePriceConverter.debug.xcconfig"; path = "Target Support Files/Pods-SwensonhePriceConverter/Pods-SwensonhePriceConverter.debug.xcconfig"; sourceTree = "<group>"; };
		841DB5222522C3E1007DC221 /* SwensonhePriceConverter.app */ = {isa = PBXFileReference; explicitFileType = wrapper.application; includeInIndex = 0; path = SwensonhePriceConverter.app; sourceTree = BUILT_PRODUCTS_DIR; };
		841DB5252522C3E1007DC221 /* AppDelegate.swift */ = {isa = PBXFileReference; lastKnownFileType = sourcecode.swift; path = AppDelegate.swift; sourceTree = "<group>"; };
		841DB5292522C3E1007DC221 /* ViewController.swift */ = {isa = PBXFileReference; lastKnownFileType = sourcecode.swift; path = ViewController.swift; sourceTree = "<group>"; };
		841DB52C2522C3E1007DC221 /* Base */ = {isa = PBXFileReference; lastKnownFileType = file.storyboard; name = Base; path = Base.lproj/Main.storyboard; sourceTree = "<group>"; };
		841DB52E2522C3E4007DC221 /* Assets.xcassets */ = {isa = PBXFileReference; lastKnownFileType = folder.assetcatalog; path = Assets.xcassets; sourceTree = "<group>"; };
		841DB5312522C3E4007DC221 /* Base */ = {isa = PBXFileReference; lastKnownFileType = file.storyboard; name = Base; path = Base.lproj/LaunchScreen.storyboard; sourceTree = "<group>"; };
		841DB5332522C3E4007DC221 /* Info.plist */ = {isa = PBXFileReference; lastKnownFileType = text.plist.xml; path = Info.plist; sourceTree = "<group>"; };
		9A850E8804B8D0F6E263F99C /* Pods-SwensonhePriceConverter.release.xcconfig */ = {isa = PBXFileReference; includeInIndex = 1; lastKnownFileType = text.xcconfig; name = "Pods-SwensonhePriceConverter.release.xcconfig"; path = "Target Support Files/Pods-SwensonhePriceConverter/Pods-SwensonhePriceConverter.release.xcconfig"; sourceTree = "<group>"; };
/* End PBXFileReference section */

/* Begin PBXFrameworksBuildPhase section */
		841DB51F2522C3E1007DC221 /* Frameworks */ = {
			isa = PBXFrameworksBuildPhase;
			buildActionMask = 2147483647;
			files = (
				3E6ED52A5C9F62D1D8679378 /* Pods_SwensonhePriceConverter.framework in Frameworks */,
			);
			runOnlyForDeploymentPostprocessing = 0;
		};
/* End PBXFrameworksBuildPhase section */

/* Begin PBXGroup section */
		841DB5192522C3E1007DC221 = {
			isa = PBXGroup;
			children = (
				841DB5242522C3E1007DC221 /* SwensonhePriceConverter */,
				841DB5232522C3E1007DC221 /* Products */,
				8F832EE9D3A5B6E75F73F1C6 /* Pods */,
				9186E15A52A3DCBD915740F1 /* Frameworks */,
			);
			sourceTree = "<group>";
		};
		841DB5232522C3E1007DC221 /* Products */ = {
			isa = PBXGroup;
			children = (
				841DB5222522C3E1007DC221 /* SwensonhePriceConverter.app */,
			);
			name = Products;
			sourceTree = "<group>";
		};
		841DB5242522C3E1007DC221 /* SwensonhePriceConverter */ = {
			isa = PBXGroup;
			children = (
				841DB5392522C746007DC221 /* AppDelegate */,
				841DB53A2522C75D007DC221 /* Assets */,
				841DB5292522C3E1007DC221 /* ViewController.swift */,
				841DB52B2522C3E1007DC221 /* Main.storyboard */,
			);
			path = SwensonhePriceConverter;
			sourceTree = "<group>";
		};
		841DB5392522C746007DC221 /* AppDelegate */ = {
			isa = PBXGroup;
			children = (
				841DB5252522C3E1007DC221 /* AppDelegate.swift */,
			);
			path = AppDelegate;
			sourceTree = "<group>";
		};
		841DB53A2522C75D007DC221 /* Assets */ = {
			isa = PBXGroup;
			children = (
				841DB5332522C3E4007DC221 /* Info.plist */,
				841DB52E2522C3E4007DC221 /* Assets.xcassets */,
				841DB5302522C3E4007DC221 /* LaunchScreen.storyboard */,
			);
			path = Assets;
			sourceTree = "<group>";
		};
		8F832EE9D3A5B6E75F73F1C6 /* Pods */ = {
			isa = PBXGroup;
			children = (
				25E8C97848F4535766E4B8AF /* Pods-SwensonhePriceConverter.debug.xcconfig */,
				9A850E8804B8D0F6E263F99C /* Pods-SwensonhePriceConverter.release.xcconfig */,
			);
			path = Pods;
			sourceTree = "<group>";
		};
		9186E15A52A3DCBD915740F1 /* Frameworks */ = {
			isa = PBXGroup;
			children = (
				0289955D6B0E06EA2CA26E92 /* Pods_SwensonhePriceConverter.framework */,
			);
			name = Frameworks;
			sourceTree = "<group>";
		};
/* End PBXGroup section */

/* Begin PBXNativeTarget section */
		841DB5212522C3E1007DC221 /* SwensonhePriceConverter */ = {
			isa = PBXNativeTarget;
			buildConfigurationList = 841DB5362522C3E4007DC221 /* Build configuration list for PBXNativeTarget "SwensonhePriceConverter" */;
			buildPhases = (
				2EC058D7A6C9CD86968DCD86 /* [CP] Check Pods Manifest.lock */,
				841DB51E2522C3E1007DC221 /* Sources */,
				841DB51F2522C3E1007DC221 /* Frameworks */,
				841DB5202522C3E1007DC221 /* Resources */,
			);
			buildRules = (
			);
			dependencies = (
			);
			name = SwensonhePriceConverter;
			productName = SwensonhePriceConverter;
			productReference = 841DB5222522C3E1007DC221 /* SwensonhePriceConverter.app */;
			productType = "com.apple.product-type.application";
		};
/* End PBXNativeTarget section */

/* Begin PBXProject section */
		841DB51A2522C3E1007DC221 /* Project object */ = {
			isa = PBXProject;
			attributes = {
				LastSwiftUpdateCheck = 1150;
				LastUpgradeCheck = 1150;
				ORGANIZATIONNAME = AmrFawaz;
				TargetAttributes = {
					841DB5212522C3E1007DC221 = {
						CreatedOnToolsVersion = 11.5;
					};
				};
			};
			buildConfigurationList = 841DB51D2522C3E1007DC221 /* Build configuration list for PBXProject "SwensonhePriceConverter" */;
			compatibilityVersion = "Xcode 9.3";
			developmentRegion = en;
			hasScannedForEncodings = 0;
			knownRegions = (
				en,
				Base,
			);
			mainGroup = 841DB5192522C3E1007DC221;
			productRefGroup = 841DB5232522C3E1007DC221 /* Products */;
			projectDirPath = "";
			projectRoot = "";
			targets = (
				841DB5212522C3E1007DC221 /* SwensonhePriceConverter */,
			);
		};
/* End PBXProject section */

/* Begin PBXResourcesBuildPhase section */
		841DB5202522C3E1007DC221 /* Resources */ = {
			isa = PBXResourcesBuildPhase;
			buildActionMask = 2147483647;
			files = (
				841DB5322522C3E4007DC221 /* LaunchScreen.storyboard in Resources */,
				841DB52F2522C3E4007DC221 /* Assets.xcassets in Resources */,
				841DB52D2522C3E1007DC221 /* Main.storyboard in Resources */,
			);
			runOnlyForDeploymentPostprocessing = 0;
		};
/* End PBXResourcesBuildPhase section */

/* Begin PBXShellScriptBuildPhase section */
		2EC058D7A6C9CD86968DCD86 /* [CP] Check Pods Manifest.lock */ = {
			isa = PBXShellScriptBuildPhase;
			buildActionMask = 2147483647;
			files = (
			);
			inputFileListPaths = (
			);
			inputPaths = (
				"${PODS_PODFILE_DIR_PATH}/Podfile.lock",
				"${PODS_ROOT}/Manifest.lock",
			);
			name = "[CP] Check Pods Manifest.lock";
			outputFileListPaths = (
			);
			outputPaths = (
				"$(DERIVED_FILE_DIR)/Pods-SwensonhePriceConverter-checkManifestLockResult.txt",
			);
			runOnlyForDeploymentPostprocessing = 0;
			shellPath = /bin/sh;
			shellScript = "diff \"${PODS_PODFILE_DIR_PATH}/Podfile.lock\" \"${PODS_ROOT}/Manifest.lock\" > /dev/null\nif [ $? != 0 ] ; then\n    # print error to STDERR\n    echo \"error: The sandbox is not in sync with the Podfile.lock. Run 'pod install' or update your CocoaPods installation.\" >&2\n    exit 1\nfi\n# This output is used by Xcode 'outputs' to avoid re-running this script phase.\necho \"SUCCESS\" > \"${SCRIPT_OUTPUT_FILE_0}\"\n";
			showEnvVarsInLog = 0;
		};
/* End PBXShellScriptBuildPhase section */

/* Begin PBXSourcesBuildPhase section */
		841DB51E2522C3E1007DC221 /* Sources */ = {
			isa = PBXSourcesBuildPhase;
			buildActionMask = 2147483647;
			files = (
				841DB52A2522C3E1007DC221 /* ViewController.swift in Sources */,
				841DB5262522C3E1007DC221 /* AppDelegate.swift in Sources */,
			);
			runOnlyForDeploymentPostprocessing = 0;
		};
/* End PBXSourcesBuildPhase section */

/* Begin PBXVariantGroup section */
		841DB52B2522C3E1007DC221 /* Main.storyboard */ = {
			isa = PBXVariantGroup;
			children = (
				841DB52C2522C3E1007DC221 /* Base */,
			);
			name = Main.storyboard;
			sourceTree = "<group>";
		};
		841DB5302522C3E4007DC221 /* LaunchScreen.storyboard */ = {
			isa = PBXVariantGroup;
			children = (
				841DB5312522C3E4007DC221 /* Base */,
			);
			name = LaunchScreen.storyboard;
			sourceTree = "<group>";
		};
/* End PBXVariantGroup section */

/* Begin XCBuildConfiguration section */
		841DB5342522C3E4007DC221 /* Debug */ = {
			isa = XCBuildConfiguration;
			buildSettings = {
				ALWAYS_SEARCH_USER_PATHS = NO;
				CLANG_ANALYZER_NONNULL = YES;
				CLANG_ANALYZER_NUMBER_OBJECT_CONVERSION = YES_AGGRESSIVE;
				CLANG_CXX_LANGUAGE_STANDARD = "gnu++14";
				CLANG_CXX_LIBRARY = "libc++";
				CLANG_ENABLE_MODULES = YES;
				CLANG_ENABLE_OBJC_ARC = YES;
				CLANG_ENABLE_OBJC_WEAK = YES;
				CLANG_WARN_BLOCK_CAPTURE_AUTORELEASING = YES;
				CLANG_WARN_BOOL_CONVERSION = YES;
				CLANG_WARN_COMMA = YES;
				CLANG_WARN_CONSTANT_CONVERSION = YES;
				CLANG_WARN_DEPRECATED_OBJC_IMPLEMENTATIONS = YES;
				CLANG_WARN_DIRECT_OBJC_ISA_USAGE = YES_ERROR;
				CLANG_WARN_DOCUMENTATION_COMMENTS = YES;
				CLANG_WARN_EMPTY_BODY = YES;
				CLANG_WARN_ENUM_CONVERSION = YES;
				CLANG_WARN_INFINITE_RECURSION = YES;
				CLANG_WARN_INT_CONVERSION = YES;
				CLANG_WARN_NON_LITERAL_NULL_CONVERSION = YES;
				CLANG_WARN_OBJC_IMPLICIT_RETAIN_SELF = YES;
				CLANG_WARN_OBJC_LITERAL_CONVERSION = YES;
				CLANG_WARN_OBJC_ROOT_CLASS = YES_ERROR;
				CLANG_WARN_RANGE_LOOP_ANALYSIS = YES;
				CLANG_WARN_STRICT_PROTOTYPES = YES;
				CLANG_WARN_SUSPICIOUS_MOVE = YES;
				CLANG_WARN_UNGUARDED_AVAILABILITY = YES_AGGRESSIVE;
				CLANG_WARN_UNREACHABLE_CODE = YES;
				CLANG_WARN__DUPLICATE_METHOD_MATCH = YES;
				COPY_PHASE_STRIP = NO;
				DEBUG_INFORMATION_FORMAT = dwarf;
				ENABLE_STRICT_OBJC_MSGSEND = YES;
				ENABLE_TESTABILITY = YES;
				GCC_C_LANGUAGE_STANDARD = gnu11;
				GCC_DYNAMIC_NO_PIC = NO;
				GCC_NO_COMMON_BLOCKS = YES;
				GCC_OPTIMIZATION_LEVEL = 0;
				GCC_PREPROCESSOR_DEFINITIONS = (
					"DEBUG=1",
					"$(inherited)",
				);
				GCC_WARN_64_TO_32_BIT_CONVERSION = YES;
				GCC_WARN_ABOUT_RETURN_TYPE = YES_ERROR;
				GCC_WARN_UNDECLARED_SELECTOR = YES;
				GCC_WARN_UNINITIALIZED_AUTOS = YES_AGGRESSIVE;
				GCC_WARN_UNUSED_FUNCTION = YES;
				GCC_WARN_UNUSED_VARIABLE = YES;
				IPHONEOS_DEPLOYMENT_TARGET = 13.5;
				MTL_ENABLE_DEBUG_INFO = INCLUDE_SOURCE;
				MTL_FAST_MATH = YES;
				ONLY_ACTIVE_ARCH = YES;
				SDKROOT = iphoneos;
				SWIFT_ACTIVE_COMPILATION_CONDITIONS = DEBUG;
				SWIFT_OPTIMIZATION_LEVEL = "-Onone";
			};
			name = Debug;
		};
		841DB5352522C3E4007DC221 /* Release */ = {
			isa = XCBuildConfiguration;
			buildSettings = {
				ALWAYS_SEARCH_USER_PATHS = NO;
				CLANG_ANALYZER_NONNULL = YES;
				CLANG_ANALYZER_NUMBER_OBJECT_CONVERSION = YES_AGGRESSIVE;
				CLANG_CXX_LANGUAGE_STANDARD = "gnu++14";
				CLANG_CXX_LIBRARY = "libc++";
				CLANG_ENABLE_MODULES = YES;
				CLANG_ENABLE_OBJC_ARC = YES;
				CLANG_ENABLE_OBJC_WEAK = YES;
				CLANG_WARN_BLOCK_CAPTURE_AUTORELEASING = YES;
				CLANG_WARN_BOOL_CONVERSION = YES;
				CLANG_WARN_COMMA = YES;
				CLANG_WARN_CONSTANT_CONVERSION = YES;
				CLANG_WARN_DEPRECATED_OBJC_IMPLEMENTATIONS = YES;
				CLANG_WARN_DIRECT_OBJC_ISA_USAGE = YES_ERROR;
				CLANG_WARN_DOCUMENTATION_COMMENTS = YES;
				CLANG_WARN_EMPTY_BODY = YES;
				CLANG_WARN_ENUM_CONVERSION = YES;
				CLANG_WARN_INFINITE_RECURSION = YES;
				CLANG_WARN_INT_CONVERSION = YES;
				CLANG_WARN_NON_LITERAL_NULL_CONVERSION = YES;
				CLANG_WARN_OBJC_IMPLICIT_RETAIN_SELF = YES;
				CLANG_WARN_OBJC_LITERAL_CONVERSION = YES;
				CLANG_WARN_OBJC_ROOT_CLASS = YES_ERROR;
				CLANG_WARN_RANGE_LOOP_ANALYSIS = YES;
				CLANG_WARN_STRICT_PROTOTYPES = YES;
				CLANG_WARN_SUSPICIOUS_MOVE = YES;
				CLANG_WARN_UNGUARDED_AVAILABILITY = YES_AGGRESSIVE;
				CLANG_WARN_UNREACHABLE_CODE = YES;
				CLANG_WARN__DUPLICATE_METHOD_MATCH = YES;
				COPY_PHASE_STRIP = NO;
				DEBUG_INFORMATION_FORMAT = "dwarf-with-dsym";
				ENABLE_NS_ASSERTIONS = NO;
				ENABLE_STRICT_OBJC_MSGSEND = YES;
				GCC_C_LANGUAGE_STANDARD = gnu11;
				GCC_NO_COMMON_BLOCKS = YES;
				GCC_WARN_64_TO_32_BIT_CONVERSION = YES;
				GCC_WARN_ABOUT_RETURN_TYPE = YES_ERROR;
				GCC_WARN_UNDECLARED_SELECTOR = YES;
				GCC_WARN_UNINITIALIZED_AUTOS = YES_AGGRESSIVE;
				GCC_WARN_UNUSED_FUNCTION = YES;
				GCC_WARN_UNUSED_VARIABLE = YES;
				IPHONEOS_DEPLOYMENT_TARGET = 13.5;
				MTL_ENABLE_DEBUG_INFO = NO;
				MTL_FAST_MATH = YES;
				SDKROOT = iphoneos;
				SWIFT_COMPILATION_MODE = wholemodule;
				SWIFT_OPTIMIZATION_LEVEL = "-O";
				VALIDATE_PRODUCT = YES;
			};
			name = Release;
		};
		841DB5372522C3E4007DC221 /* Debug */ = {
			isa = XCBuildConfiguration;
			baseConfigurationReference = 25E8C97848F4535766E4B8AF /* Pods-SwensonhePriceConverter.debug.xcconfig */;
			buildSettings = {
				ASSETCATALOG_COMPILER_APPICON_NAME = AppIcon;
				CODE_SIGN_STYLE = Automatic;
				DEVELOPMENT_TEAM = 3LAX6L7LB4;
				INFOPLIST_FILE = SwensonhePriceConverter/Assets/Info.plist;
				LD_RUNPATH_SEARCH_PATHS = (
					"$(inherited)",
					"@executable_path/Frameworks",
				);
				PRODUCT_BUNDLE_IDENTIFIER = com.SwensonhePriceConverter;
				PRODUCT_NAME = "$(TARGET_NAME)";
				SWIFT_VERSION = 5.0;
				TARGETED_DEVICE_FAMILY = 1;
			};
			name = Debug;
		};
		841DB5382522C3E4007DC221 /* Release */ = {
			isa = XCBuildConfiguration;
			baseConfigurationReference = 9A850E8804B8D0F6E263F99C /* Pods-SwensonhePriceConverter.release.xcconfig */;
			buildSettings = {
				ASSETCATALOG_COMPILER_APPICON_NAME = AppIcon;
				CODE_SIGN_STYLE = Automatic;
				DEVELOPMENT_TEAM = 3LAX6L7LB4;
				INFOPLIST_FILE = SwensonhePriceConverter/Assets/Info.plist;
				LD_RUNPATH_SEARCH_PATHS = (
					"$(inherited)",
					"@executable_path/Frameworks",
				);
				PRODUCT_BUNDLE_IDENTIFIER = com.SwensonhePriceConverter;
				PRODUCT_NAME = "$(TARGET_NAME)";
				SWIFT_VERSION = 5.0;
				TARGETED_DEVICE_FAMILY = 1;
			};
			name = Release;
		};
/* End XCBuildConfiguration section */

/* Begin XCConfigurationList section */
		841DB51D2522C3E1007DC221 /* Build configuration list for PBXProject "SwensonhePriceConverter" */ = {
			isa = XCConfigurationList;
			buildConfigurations = (
				841DB5342522C3E4007DC221 /* Debug */,
				841DB5352522C3E4007DC221 /* Release */,
			);
			defaultConfigurationIsVisible = 0;
			defaultConfigurationName = Release;
		};
		841DB5362522C3E4007DC221 /* Build configuration list for PBXNativeTarget "SwensonhePriceConverter" */ = {
			isa = XCConfigurationList;
			buildConfigurations = (
				841DB5372522C3E4007DC221 /* Debug */,
				841DB5382522C3E4007DC221 /* Release */,
			);
			defaultConfigurationIsVisible = 0;
			defaultConfigurationName = Release;
		};
/* End XCConfigurationList section */
	};
	rootObject = 841DB51A2522C3E1007DC221 /* Project object */;
}
